
Microsoft Visual Studio Solution File, Format Version 12.00
# Visual Studio 14
VisualStudioVersion = 14.0.23107.0
MinimumVisualStudioVersion = 10.0.40219.1
Project("{FAE04EC0-301F-11D3-BF4B-00C04F79EFBC}") = "EA.Iws.Web", "EA.Iws.Web\EA.Iws.Web.csproj", "{2E112D48-A841-4DB7-B96F-4211C4DA31C0}"
EndProject
Project("{2150E333-8FDC-42A3-9474-1A3956D46DE8}") = "Core", "Core", "{C9B436CF-3AF2-40E2-9577-1E8B35543953}"
EndProject
Project("{FAE04EC0-301F-11D3-BF4B-00C04F79EFBC}") = "EA.Iws.Domain", "EA.Iws.Domain\EA.Iws.Domain.csproj", "{A987FFF6-5386-419E-AF0A-E6C74E3323CF}"
EndProject
Project("{2150E333-8FDC-42A3-9474-1A3956D46DE8}") = "Infrastructure", "Infrastructure", "{0BCA0408-225D-49B4-878D-F9F0C052E82D}"
EndProject
Project("{FAE04EC0-301F-11D3-BF4B-00C04F79EFBC}") = "EA.Iws.DataAccess", "EA.Iws.DataAccess\EA.Iws.DataAccess.csproj", "{46300373-D7AE-40AA-BF96-3FC3889825A4}"
EndProject
Project("{2150E333-8FDC-42A3-9474-1A3956D46DE8}") = "Presentation", "Presentation", "{A7BB5FA6-4BA3-44CD-82ED-2379F734B95F}"
EndProject
Project("{2150E333-8FDC-42A3-9474-1A3956D46DE8}") = "Tests", "Tests", "{B0BDB106-1731-401B-826B-EAC6CBFC8473}"
EndProject
Project("{FAE04EC0-301F-11D3-BF4B-00C04F79EFBC}") = "EA.Iws.RequestHandlers.Tests.Unit", "EA.Iws.RequestHandlers.Tests.Unit\EA.Iws.RequestHandlers.Tests.Unit.csproj", "{BD4A4188-DE05-44EB-A470-42AC15D61CD1}"
EndProject
Project("{FAE04EC0-301F-11D3-BF4B-00C04F79EFBC}") = "EA.Iws.Domain.Tests.Unit", "EA.Iws.Domain.Tests.Unit\EA.Iws.Domain.Tests.Unit.csproj", "{AD40571C-6C48-4BF1-A459-1EF57ADE6406}"
EndProject
Project("{FAE04EC0-301F-11D3-BF4B-00C04F79EFBC}") = "EA.Iws.Web.Tests.Unit", "EA.Iws.Web.Tests.Unit\EA.Iws.Web.Tests.Unit.csproj", "{090AA2B3-3192-47BC-AE06-A6280C0EA28E}"
EndProject
Project("{2150E333-8FDC-42A3-9474-1A3956D46DE8}") = "Database", "Database", "{C437469D-4D5E-4C6A-B1E7-5F7C88DD4B90}"
EndProject
Project("{FAE04EC0-301F-11D3-BF4B-00C04F79EFBC}") = "EA.Iws.Database", "EA.Iws.Database\EA.Iws.Database.csproj", "{756BF689-A8AB-4CA7-869C-7ED95D7AA80B}"
EndProject
Project("{2150E333-8FDC-42A3-9474-1A3956D46DE8}") = "Api", "Api", "{689E7303-44CF-4FD8-9F5F-922FE18EC35D}"
EndProject
Project("{FAE04EC0-301F-11D3-BF4B-00C04F79EFBC}") = "EA.Iws.Api", "EA.Iws.Api\EA.Iws.Api.csproj", "{F7F7E99C-659A-427F-AC04-52E0C1760480}"
EndProject
Project("{FAE04EC0-301F-11D3-BF4B-00C04F79EFBC}") = "EA.Iws.Api.Tests.Unit", "EA.Iws.Api.Tests.Unit\EA.Iws.Api.Tests.Unit.csproj", "{C412684B-4659-4F79-8509-751F57D2CFFD}"
EndProject
Project("{FAE04EC0-301F-11D3-BF4B-00C04F79EFBC}") = "EA.Iws.Api.Client", "EA.Iws.Api.Client\EA.Iws.Api.Client.csproj", "{B772429D-709E-4978-B105-A54606ACC29A}"
EndProject
Project("{FAE04EC0-301F-11D3-BF4B-00C04F79EFBC}") = "EA.Iws.DataAccess.Tests.Integration", "EA.Iws.DataAccess.Tests.Integration\EA.Iws.DataAccess.Tests.Integration.csproj", "{CD836184-27A3-4696-8AC7-1FC8AF06493C}"
EndProject
Project("{FAE04EC0-301F-11D3-BF4B-00C04F79EFBC}") = "EA.Iws.DocumentGeneration", "EA.Iws.DocumentGeneration\EA.Iws.DocumentGeneration.csproj", "{4E8F11AB-ABC4-4B67-BBDE-0A50E51580DE}"
EndProject
Project("{FAE04EC0-301F-11D3-BF4B-00C04F79EFBC}") = "EA.Iws.Requests", "EA.Iws.Requests\EA.Iws.Requests.csproj", "{87FBB5CC-A732-4363-A158-39DBF3707407}"
EndProject
Project("{FAE04EC0-301F-11D3-BF4B-00C04F79EFBC}") = "EA.Iws.RequestHandlers", "EA.Iws.RequestHandlers\EA.Iws.RequestHandlers.csproj", "{575A5355-B008-422A-B9B6-535CA2B5CC26}"
EndProject
Project("{FAE04EC0-301F-11D3-BF4B-00C04F79EFBC}") = "EA.Iws.Core", "EA.Iws.Core\EA.Iws.Core.csproj", "{DD2A73A4-A652-4ECC-87EE-24239CE45AD4}"
EndProject
Project("{FAE04EC0-301F-11D3-BF4B-00C04F79EFBC}") = "EA.Iws.TestHelpers", "EA.Iws.TestHelpers\EA.Iws.TestHelpers.csproj", "{DEC3021A-32CF-4B84-A59C-77503378ED67}"
EndProject
Project("{FAE04EC0-301F-11D3-BF4B-00C04F79EFBC}") = "EA.Iws.EmailMessaging", "EA.Iws.EmailMessaging\EA.Iws.EmailMessaging.csproj", "{FF9ED7B2-C556-4779-8C7E-25B4EF5087FE}"
EndProject
Project("{FAE04EC0-301F-11D3-BF4B-00C04F79EFBC}") = "EA.Iws.DocumentGeneration.Tests.Unit", "EA.Iws.DocumentGeneration.Tests.Unit\EA.Iws.DocumentGeneration.Tests.Unit.csproj", "{E7FE7C98-0B4B-4F3D-AFF9-269BA6A622EF}"
EndProject
Project("{E24C65DC-7377-472B-9ABA-BC803B73C61A}") = "EA.Iws.Maintenance.Web", "EA.Iws.Maintenance.Web\", "{408623CA-1C1C-4D2C-BF47-54FEBFEB5F13}"
	ProjectSection(WebsiteProperties) = preProject
		TargetFrameworkMoniker = ".NETFramework,Version%3Dv4.0"
		Debug.AspNetCompiler.VirtualPath = "/EA.Iws.Maintenance.Web"
		Debug.AspNetCompiler.PhysicalPath = "EA.Iws.Maintenance.Web\"
		Debug.AspNetCompiler.TargetPath = "..\build\_PublishedWebsites\EA.Iws.Maintenance.Web\"
		Debug.AspNetCompiler.Updateable = "true"
		Debug.AspNetCompiler.ForceOverwrite = "true"
		Debug.AspNetCompiler.FixedNames = "false"
		Debug.AspNetCompiler.Debug = "True"
		Release.AspNetCompiler.VirtualPath = "/EA.Iws.Maintenance.Web"
		Release.AspNetCompiler.PhysicalPath = "EA.Iws.Maintenance.Web\"
		Release.AspNetCompiler.TargetPath = "..\build\_PublishedWebsites\EA.Iws.Maintenance.Web\"
		Release.AspNetCompiler.Updateable = "true"
		Release.AspNetCompiler.ForceOverwrite = "true"
		Release.AspNetCompiler.FixedNames = "false"
		Release.AspNetCompiler.Debug = "False"
		VWDPort = "60443"
		SlnRelativePath = "EA.Iws.Maintenance.Web\"
	EndProjectSection
EndProject
Global
	GlobalSection(SolutionConfigurationPlatforms) = preSolution
		Debug|Any CPU = Debug|Any CPU
		Release|Any CPU = Release|Any CPU
	EndGlobalSection
	GlobalSection(ProjectConfigurationPlatforms) = postSolution
		{2E112D48-A841-4DB7-B96F-4211C4DA31C0}.Debug|Any CPU.ActiveCfg = Debug|Any CPU
		{2E112D48-A841-4DB7-B96F-4211C4DA31C0}.Debug|Any CPU.Build.0 = Debug|Any CPU
		{2E112D48-A841-4DB7-B96F-4211C4DA31C0}.Release|Any CPU.ActiveCfg = Release|Any CPU
		{2E112D48-A841-4DB7-B96F-4211C4DA31C0}.Release|Any CPU.Build.0 = Release|Any CPU
		{A987FFF6-5386-419E-AF0A-E6C74E3323CF}.Debug|Any CPU.ActiveCfg = Debug|Any CPU
		{A987FFF6-5386-419E-AF0A-E6C74E3323CF}.Debug|Any CPU.Build.0 = Debug|Any CPU
		{A987FFF6-5386-419E-AF0A-E6C74E3323CF}.Release|Any CPU.ActiveCfg = Release|Any CPU
		{A987FFF6-5386-419E-AF0A-E6C74E3323CF}.Release|Any CPU.Build.0 = Release|Any CPU
		{46300373-D7AE-40AA-BF96-3FC3889825A4}.Debug|Any CPU.ActiveCfg = Debug|Any CPU
		{46300373-D7AE-40AA-BF96-3FC3889825A4}.Debug|Any CPU.Build.0 = Debug|Any CPU
		{46300373-D7AE-40AA-BF96-3FC3889825A4}.Release|Any CPU.ActiveCfg = Release|Any CPU
		{46300373-D7AE-40AA-BF96-3FC3889825A4}.Release|Any CPU.Build.0 = Release|Any CPU
		{BD4A4188-DE05-44EB-A470-42AC15D61CD1}.Debug|Any CPU.ActiveCfg = Debug|Any CPU
		{BD4A4188-DE05-44EB-A470-42AC15D61CD1}.Debug|Any CPU.Build.0 = Debug|Any CPU
		{BD4A4188-DE05-44EB-A470-42AC15D61CD1}.Release|Any CPU.ActiveCfg = Release|Any CPU
		{BD4A4188-DE05-44EB-A470-42AC15D61CD1}.Release|Any CPU.Build.0 = Release|Any CPU
		{AD40571C-6C48-4BF1-A459-1EF57ADE6406}.Debug|Any CPU.ActiveCfg = Debug|Any CPU
		{AD40571C-6C48-4BF1-A459-1EF57ADE6406}.Debug|Any CPU.Build.0 = Debug|Any CPU
		{AD40571C-6C48-4BF1-A459-1EF57ADE6406}.Release|Any CPU.ActiveCfg = Release|Any CPU
		{AD40571C-6C48-4BF1-A459-1EF57ADE6406}.Release|Any CPU.Build.0 = Release|Any CPU
		{090AA2B3-3192-47BC-AE06-A6280C0EA28E}.Debug|Any CPU.ActiveCfg = Debug|Any CPU
		{090AA2B3-3192-47BC-AE06-A6280C0EA28E}.Debug|Any CPU.Build.0 = Debug|Any CPU
		{090AA2B3-3192-47BC-AE06-A6280C0EA28E}.Release|Any CPU.ActiveCfg = Release|Any CPU
		{090AA2B3-3192-47BC-AE06-A6280C0EA28E}.Release|Any CPU.Build.0 = Release|Any CPU
		{756BF689-A8AB-4CA7-869C-7ED95D7AA80B}.Debug|Any CPU.ActiveCfg = Debug|Any CPU
		{756BF689-A8AB-4CA7-869C-7ED95D7AA80B}.Debug|Any CPU.Build.0 = Debug|Any CPU
		{756BF689-A8AB-4CA7-869C-7ED95D7AA80B}.Release|Any CPU.ActiveCfg = Release|Any CPU
		{756BF689-A8AB-4CA7-869C-7ED95D7AA80B}.Release|Any CPU.Build.0 = Release|Any CPU
		{F7F7E99C-659A-427F-AC04-52E0C1760480}.Debug|Any CPU.ActiveCfg = Debug|Any CPU
		{F7F7E99C-659A-427F-AC04-52E0C1760480}.Debug|Any CPU.Build.0 = Debug|Any CPU
		{F7F7E99C-659A-427F-AC04-52E0C1760480}.Release|Any CPU.ActiveCfg = Release|Any CPU
		{F7F7E99C-659A-427F-AC04-52E0C1760480}.Release|Any CPU.Build.0 = Release|Any CPU
		{C412684B-4659-4F79-8509-751F57D2CFFD}.Debug|Any CPU.ActiveCfg = Debug|Any CPU
		{C412684B-4659-4F79-8509-751F57D2CFFD}.Debug|Any CPU.Build.0 = Debug|Any CPU
		{C412684B-4659-4F79-8509-751F57D2CFFD}.Release|Any CPU.ActiveCfg = Release|Any CPU
		{C412684B-4659-4F79-8509-751F57D2CFFD}.Release|Any CPU.Build.0 = Release|Any CPU
		{B772429D-709E-4978-B105-A54606ACC29A}.Debug|Any CPU.ActiveCfg = Debug|Any CPU
		{B772429D-709E-4978-B105-A54606ACC29A}.Debug|Any CPU.Build.0 = Debug|Any CPU
		{B772429D-709E-4978-B105-A54606ACC29A}.Release|Any CPU.ActiveCfg = Release|Any CPU
		{B772429D-709E-4978-B105-A54606ACC29A}.Release|Any CPU.Build.0 = Release|Any CPU
		{CD836184-27A3-4696-8AC7-1FC8AF06493C}.Debug|Any CPU.ActiveCfg = Debug|Any CPU
		{CD836184-27A3-4696-8AC7-1FC8AF06493C}.Debug|Any CPU.Build.0 = Debug|Any CPU
		{CD836184-27A3-4696-8AC7-1FC8AF06493C}.Release|Any CPU.ActiveCfg = Release|Any CPU
		{CD836184-27A3-4696-8AC7-1FC8AF06493C}.Release|Any CPU.Build.0 = Release|Any CPU
		{4E8F11AB-ABC4-4B67-BBDE-0A50E51580DE}.Debug|Any CPU.ActiveCfg = Debug|Any CPU
		{4E8F11AB-ABC4-4B67-BBDE-0A50E51580DE}.Debug|Any CPU.Build.0 = Debug|Any CPU
		{4E8F11AB-ABC4-4B67-BBDE-0A50E51580DE}.Release|Any CPU.ActiveCfg = Release|Any CPU
		{4E8F11AB-ABC4-4B67-BBDE-0A50E51580DE}.Release|Any CPU.Build.0 = Release|Any CPU
		{87FBB5CC-A732-4363-A158-39DBF3707407}.Debug|Any CPU.ActiveCfg = Debug|Any CPU
		{87FBB5CC-A732-4363-A158-39DBF3707407}.Debug|Any CPU.Build.0 = Debug|Any CPU
		{87FBB5CC-A732-4363-A158-39DBF3707407}.Release|Any CPU.ActiveCfg = Release|Any CPU
		{87FBB5CC-A732-4363-A158-39DBF3707407}.Release|Any CPU.Build.0 = Release|Any CPU
		{575A5355-B008-422A-B9B6-535CA2B5CC26}.Debug|Any CPU.ActiveCfg = Debug|Any CPU
		{575A5355-B008-422A-B9B6-535CA2B5CC26}.Debug|Any CPU.Build.0 = Debug|Any CPU
		{575A5355-B008-422A-B9B6-535CA2B5CC26}.Release|Any CPU.ActiveCfg = Release|Any CPU
		{575A5355-B008-422A-B9B6-535CA2B5CC26}.Release|Any CPU.Build.0 = Release|Any CPU
		{DD2A73A4-A652-4ECC-87EE-24239CE45AD4}.Debug|Any CPU.ActiveCfg = Debug|Any CPU
		{DD2A73A4-A652-4ECC-87EE-24239CE45AD4}.Debug|Any CPU.Build.0 = Debug|Any CPU
		{DD2A73A4-A652-4ECC-87EE-24239CE45AD4}.Release|Any CPU.ActiveCfg = Release|Any CPU
		{DD2A73A4-A652-4ECC-87EE-24239CE45AD4}.Release|Any CPU.Build.0 = Release|Any CPU
		{DEC3021A-32CF-4B84-A59C-77503378ED67}.Debug|Any CPU.ActiveCfg = Debug|Any CPU
		{DEC3021A-32CF-4B84-A59C-77503378ED67}.Debug|Any CPU.Build.0 = Debug|Any CPU
		{DEC3021A-32CF-4B84-A59C-77503378ED67}.Release|Any CPU.ActiveCfg = Release|Any CPU
		{DEC3021A-32CF-4B84-A59C-77503378ED67}.Release|Any CPU.Build.0 = Release|Any CPU
		{FF9ED7B2-C556-4779-8C7E-25B4EF5087FE}.Debug|Any CPU.ActiveCfg = Debug|Any CPU
		{FF9ED7B2-C556-4779-8C7E-25B4EF5087FE}.Debug|Any CPU.Build.0 = Debug|Any CPU
		{FF9ED7B2-C556-4779-8C7E-25B4EF5087FE}.Release|Any CPU.ActiveCfg = Release|Any CPU
		{FF9ED7B2-C556-4779-8C7E-25B4EF5087FE}.Release|Any CPU.Build.0 = Release|Any CPU
		{E7FE7C98-0B4B-4F3D-AFF9-269BA6A622EF}.Debug|Any CPU.ActiveCfg = Debug|Any CPU
		{E7FE7C98-0B4B-4F3D-AFF9-269BA6A622EF}.Debug|Any CPU.Build.0 = Debug|Any CPU
		{E7FE7C98-0B4B-4F3D-AFF9-269BA6A622EF}.Release|Any CPU.ActiveCfg = Release|Any CPU
		{E7FE7C98-0B4B-4F3D-AFF9-269BA6A622EF}.Release|Any CPU.Build.0 = Release|Any CPU
		{408623CA-1C1C-4D2C-BF47-54FEBFEB5F13}.Debug|Any CPU.ActiveCfg = Debug|Any CPU
		{408623CA-1C1C-4D2C-BF47-54FEBFEB5F13}.Debug|Any CPU.Build.0 = Debug|Any CPU
		{408623CA-1C1C-4D2C-BF47-54FEBFEB5F13}.Release|Any CPU.ActiveCfg = Debug|Any CPU
		{408623CA-1C1C-4D2C-BF47-54FEBFEB5F13}.Release|Any CPU.Build.0 = Debug|Any CPU
	EndGlobalSection
	GlobalSection(SolutionProperties) = preSolution
		HideSolutionNode = FALSE
	EndGlobalSection
	GlobalSection(NestedProjects) = preSolution
		{2E112D48-A841-4DB7-B96F-4211C4DA31C0} = {A7BB5FA6-4BA3-44CD-82ED-2379F734B95F}
		{A987FFF6-5386-419E-AF0A-E6C74E3323CF} = {C9B436CF-3AF2-40E2-9577-1E8B35543953}
		{46300373-D7AE-40AA-BF96-3FC3889825A4} = {0BCA0408-225D-49B4-878D-F9F0C052E82D}
		{BD4A4188-DE05-44EB-A470-42AC15D61CD1} = {B0BDB106-1731-401B-826B-EAC6CBFC8473}
		{AD40571C-6C48-4BF1-A459-1EF57ADE6406} = {B0BDB106-1731-401B-826B-EAC6CBFC8473}
		{090AA2B3-3192-47BC-AE06-A6280C0EA28E} = {B0BDB106-1731-401B-826B-EAC6CBFC8473}
		{756BF689-A8AB-4CA7-869C-7ED95D7AA80B} = {C437469D-4D5E-4C6A-B1E7-5F7C88DD4B90}
		{F7F7E99C-659A-427F-AC04-52E0C1760480} = {689E7303-44CF-4FD8-9F5F-922FE18EC35D}
		{C412684B-4659-4F79-8509-751F57D2CFFD} = {B0BDB106-1731-401B-826B-EAC6CBFC8473}
		{B772429D-709E-4978-B105-A54606ACC29A} = {689E7303-44CF-4FD8-9F5F-922FE18EC35D}
		{CD836184-27A3-4696-8AC7-1FC8AF06493C} = {B0BDB106-1731-401B-826B-EAC6CBFC8473}
		{4E8F11AB-ABC4-4B67-BBDE-0A50E51580DE} = {0BCA0408-225D-49B4-878D-F9F0C052E82D}
		{87FBB5CC-A732-4363-A158-39DBF3707407} = {C9B436CF-3AF2-40E2-9577-1E8B35543953}
		{575A5355-B008-422A-B9B6-535CA2B5CC26} = {C9B436CF-3AF2-40E2-9577-1E8B35543953}
		{DD2A73A4-A652-4ECC-87EE-24239CE45AD4} = {C9B436CF-3AF2-40E2-9577-1E8B35543953}
		{DEC3021A-32CF-4B84-A59C-77503378ED67} = {B0BDB106-1731-401B-826B-EAC6CBFC8473}
		{FF9ED7B2-C556-4779-8C7E-25B4EF5087FE} = {0BCA0408-225D-49B4-878D-F9F0C052E82D}
		{E7FE7C98-0B4B-4F3D-AFF9-269BA6A622EF} = {B0BDB106-1731-401B-826B-EAC6CBFC8473}
		{408623CA-1C1C-4D2C-BF47-54FEBFEB5F13} = {A7BB5FA6-4BA3-44CD-82ED-2379F734B95F}
	EndGlobalSection
EndGlobal
